// !$*UTF8*$!
{
	archiveVersion = 1;
	classes = {
	};
	objectVersion = 51;
	objects = {

/* Begin PBXBuildFile section */
		18E1973C23B0EBE60094FEBC /* AppDelegate.swift in Sources */ = {isa = PBXBuildFile; fileRef = 18E1973B23B0EBE60094FEBC /* AppDelegate.swift */; };
		18E1973E23B0EBE60094FEBC /* SceneDelegate.swift in Sources */ = {isa = PBXBuildFile; fileRef = 18E1973D23B0EBE60094FEBC /* SceneDelegate.swift */; };
		18E1974023B0EBE60094FEBC /* ViewController.swift in Sources */ = {isa = PBXBuildFile; fileRef = 18E1973F23B0EBE60094FEBC /* ViewController.swift */; };
		18E1974323B0EBE60094FEBC /* Main.storyboard in Resources */ = {isa = PBXBuildFile; fileRef = 18E1974123B0EBE60094FEBC /* Main.storyboard */; };
		18E1974523B0EBE90094FEBC /* Assets.xcassets in Resources */ = {isa = PBXBuildFile; fileRef = 18E1974423B0EBE90094FEBC /* Assets.xcassets */; };
		18E1974823B0EBE90094FEBC /* LaunchScreen.storyboard in Resources */ = {isa = PBXBuildFile; fileRef = 18E1974623B0EBE90094FEBC /* LaunchScreen.storyboard */; };
		18E1975323B0EC3A0094FEBC /* newArea.swift in Sources */ = {isa = PBXBuildFile; fileRef = 18E1975223B0EC3A0094FEBC /* newArea.swift */; };
		18E1975523B0EC960094FEBC /* TableViewController.swift in Sources */ = {isa = PBXBuildFile; fileRef = 18E1975423B0EC960094FEBC /* TableViewController.swift */; };
		18E1975723B0ECA20094FEBC /* TableViewCell.swift in Sources */ = {isa = PBXBuildFile; fileRef = 18E1975623B0ECA20094FEBC /* TableViewCell.swift */; };
		18E1975923B0ED4E0094FEBC /* newsCell.swift in Sources */ = {isa = PBXBuildFile; fileRef = 18E1975823B0ED4E0094FEBC /* newsCell.swift */; };
		222DEEC423B10013003B9384 /* Podfile in Resources */ = {isa = PBXBuildFile; fileRef = 222DEEC323B10013003B9384 /* Podfile */; };
		B24A05A971DF34FA5A11A86F /* Pods_FinalJob.framework in Frameworks */ = {isa = PBXBuildFile; fileRef = E20C53BE4B1D8F28FF7627E5 /* Pods_FinalJob.framework */; };
/* End PBXBuildFile section */

/* Begin PBXFileReference section */
		0A54B347036EABDF5BF59667 /* Pods-FinalJob.debug.xcconfig */ = {isa = PBXFileReference; includeInIndex = 1; lastKnownFileType = text.xcconfig; name = "Pods-FinalJob.debug.xcconfig"; path = "Target Support Files/Pods-FinalJob/Pods-FinalJob.debug.xcconfig"; sourceTree = "<group>"; };
		18E1973823B0EBE60094FEBC /* FinalJob.app */ = {isa = PBXFileReference; explicitFileType = wrapper.application; includeInIndex = 0; path = FinalJob.app; sourceTree = BUILT_PRODUCTS_DIR; };
		18E1973B23B0EBE60094FEBC /* AppDelegate.swift */ = {isa = PBXFileReference; lastKnownFileType = sourcecode.swift; path = AppDelegate.swift; sourceTree = "<group>"; };
		18E1973D23B0EBE60094FEBC /* SceneDelegate.swift */ = {isa = PBXFileReference; lastKnownFileType = sourcecode.swift; path = SceneDelegate.swift; sourceTree = "<group>"; };
		18E1973F23B0EBE60094FEBC /* ViewController.swift */ = {isa = PBXFileReference; lastKnownFileType = sourcecode.swift; path = ViewController.swift; sourceTree = "<group>"; };
		18E1974223B0EBE60094FEBC /* Base */ = {isa = PBXFileReference; lastKnownFileType = file.storyboard; name = Base; path = Base.lproj/Main.storyboard; sourceTree = "<group>"; };
		18E1974423B0EBE90094FEBC /* Assets.xcassets */ = {isa = PBXFileReference; lastKnownFileType = folder.assetcatalog; path = Assets.xcassets; sourceTree = "<group>"; };
		18E1974723B0EBE90094FEBC /* Base */ = {isa = PBXFileReference; lastKnownFileType = file.storyboard; name = Base; path = Base.lproj/LaunchScreen.storyboard; sourceTree = "<group>"; };
		18E1974923B0EBE90094FEBC /* Info.plist */ = {isa = PBXFileReference; lastKnownFileType = text.plist.xml; path = Info.plist; sourceTree = "<group>"; };
		18E1975223B0EC3A0094FEBC /* newArea.swift */ = {isa = PBXFileReference; lastKnownFileType = sourcecode.swift; path = newArea.swift; sourceTree = "<group>"; };
		18E1975423B0EC960094FEBC /* TableViewController.swift */ = {isa = PBXFileReference; lastKnownFileType = sourcecode.swift; path = TableViewController.swift; sourceTree = "<group>"; };
		18E1975623B0ECA20094FEBC /* TableViewCell.swift */ = {isa = PBXFileReference; lastKnownFileType = sourcecode.swift; path = TableViewCell.swift; sourceTree = "<group>"; };
		18E1975823B0ED4E0094FEBC /* newsCell.swift */ = {isa = PBXFileReference; lastKnownFileType = sourcecode.swift; path = newsCell.swift; sourceTree = "<group>"; };
		222DEEC323B10013003B9384 /* Podfile */ = {isa = PBXFileReference; fileEncoding = 4; lastKnownFileType = text; path = Podfile; sourceTree = SOURCE_ROOT; xcLanguageSpecificationIdentifier = xcode.lang.ruby; };
		7054CD10D9BBDA855FE4B845 /* Pods-FinalJob.release.xcconfig */ = {isa = PBXFileReference; includeInIndex = 1; lastKnownFileType = text.xcconfig; name = "Pods-FinalJob.release.xcconfig"; path = "Target Support Files/Pods-FinalJob/Pods-FinalJob.release.xcconfig"; sourceTree = "<group>"; };
		E20C53BE4B1D8F28FF7627E5 /* Pods_FinalJob.framework */ = {isa = PBXFileReference; explicitFileType = wrapper.framework; includeInIndex = 0; path = Pods_FinalJob.framework; sourceTree = BUILT_PRODUCTS_DIR; };
/* End PBXFileReference section */

/* Begin PBXFrameworksBuildPhase section */
		18E1973523B0EBE60094FEBC /* Frameworks */ = {
			isa = PBXFrameworksBuildPhase;
			buildActionMask = 2147483647;
			files = (
				B24A05A971DF34FA5A11A86F /* Pods_FinalJob.framework in Frameworks */,
			);
			runOnlyForDeploymentPostprocessing = 0;
		};
/* End PBXFrameworksBuildPhase section */

/* Begin PBXGroup section */
		18E1972F23B0EBE60094FEBC = {
			isa = PBXGroup;
			children = (
				18E1973A23B0EBE60094FEBC /* FinalJob */,
				18E1973923B0EBE60094FEBC /* Products */,
				60F4EC6D545B3423A22F4713 /* Pods */,
				C53608023AF1FE1BC71AC10F /* Frameworks */,
			);
			sourceTree = "<group>";
		};
		18E1973923B0EBE60094FEBC /* Products */ = {
			isa = PBXGroup;
			children = (
				18E1973823B0EBE60094FEBC /* FinalJob.app */,
			);
			name = Products;
			sourceTree = "<group>";
		};
		18E1973A23B0EBE60094FEBC /* FinalJob */ = {
			isa = PBXGroup;
			children = (
				18E1974F23B0EC070094FEBC /* Model */,
				18E1973B23B0EBE60094FEBC /* AppDelegate.swift */,
				18E1973D23B0EBE60094FEBC /* SceneDelegate.swift */,
				18E1973F23B0EBE60094FEBC /* ViewController.swift */,
				18E1975423B0EC960094FEBC /* TableViewController.swift */,
				222DEEC323B10013003B9384 /* Podfile */,
				18E1975623B0ECA20094FEBC /* TableViewCell.swift */,
				18E1974123B0EBE60094FEBC /* Main.storyboard */,
				18E1974423B0EBE90094FEBC /* Assets.xcassets */,
				18E1974623B0EBE90094FEBC /* LaunchScreen.storyboard */,
				18E1974923B0EBE90094FEBC /* Info.plist */,
			);
			path = FinalJob;
			sourceTree = "<group>";
		};
		18E1974F23B0EC070094FEBC /* Model */ = {
			isa = PBXGroup;
			children = (
				18E1975223B0EC3A0094FEBC /* newArea.swift */,
				18E1975823B0ED4E0094FEBC /* newsCell.swift */,
			);
			path = Model;
			sourceTree = "<group>";
		};
		60F4EC6D545B3423A22F4713 /* Pods */ = {
			isa = PBXGroup;
			children = (
				0A54B347036EABDF5BF59667 /* Pods-FinalJob.debug.xcconfig */,
				7054CD10D9BBDA855FE4B845 /* Pods-FinalJob.release.xcconfig */,
			);
			path = Pods;
			sourceTree = "<group>";
		};
		C53608023AF1FE1BC71AC10F /* Frameworks */ = {
			isa = PBXGroup;
			children = (
				E20C53BE4B1D8F28FF7627E5 /* Pods_FinalJob.framework */,
			);
			name = Frameworks;
			sourceTree = "<group>";
		};
/* End PBXGroup section */

/* Begin PBXNativeTarget section */
		18E1973723B0EBE60094FEBC /* FinalJob */ = {
			isa = PBXNativeTarget;
			buildConfigurationList = 18E1974C23B0EBE90094FEBC /* Build configuration list for PBXNativeTarget "FinalJob" */;
			buildPhases = (
				E6F2C3ECEEEA6DCF395B55BA /* [CP] Check Pods Manifest.lock */,
				18E1973423B0EBE60094FEBC /* Sources */,
				18E1973523B0EBE60094FEBC /* Frameworks */,
				18E1973623B0EBE60094FEBC /* Resources */,
				CE5289C7DAB670BBD0CC4463 /* [CP] Embed Pods Frameworks */,
			);
			buildRules = (
			);
			dependencies = (
			);
			name = FinalJob;
			productName = FinalJob;
			productReference = 18E1973823B0EBE60094FEBC /* FinalJob.app */;
			productType = "com.apple.product-type.application";
		};
/* End PBXNativeTarget section */

/* Begin PBXProject section */
		18E1973023B0EBE60094FEBC /* Project object */ = {
			isa = PBXProject;
			attributes = {
				LastSwiftUpdateCheck = 1110;
				LastUpgradeCheck = 1110;
				ORGANIZATIONNAME = andy;
				TargetAttributes = {
					18E1973723B0EBE60094FEBC = {
						CreatedOnToolsVersion = 11.1;
					};
				};
			};
			buildConfigurationList = 18E1973323B0EBE60094FEBC /* Build configuration list for PBXProject "FinalJob" */;
			compatibilityVersion = "Xcode 9.3";
			developmentRegion = en;
			hasScannedForEncodings = 0;
			knownRegions = (
				en,
				Base,
			);
			mainGroup = 18E1972F23B0EBE60094FEBC;
			productRefGroup = 18E1973923B0EBE60094FEBC /* Products */;
			projectDirPath = "";
			projectRoot = "";
			targets = (
				18E1973723B0EBE60094FEBC /* FinalJob */,
			);
		};
/* End PBXProject section */

/* Begin PBXResourcesBuildPhase section */
		18E1973623B0EBE60094FEBC /* Resources */ = {
			isa = PBXResourcesBuildPhase;
			buildActionMask = 2147483647;
			files = (
				18E1974823B0EBE90094FEBC /* LaunchScreen.storyboard in Resources */,
				18E1974523B0EBE90094FEBC /* Assets.xcassets in Resources */,
				222DEEC423B10013003B9384 /* Podfile in Resources */,
				18E1974323B0EBE60094FEBC /* Main.storyboard in Resources */,
			);
			runOnlyForDeploymentPostprocessing = 0;
		};
/* End PBXResourcesBuildPhase section */

/* Begin PBXShellScriptBuildPhase section */
		CE5289C7DAB670BBD0CC4463 /* [CP] Embed Pods Frameworks */ = {
			isa = PBXShellScriptBuildPhase;
			buildActionMask = 2147483647;
			files = (
			);
			inputFileListPaths = (
				"${PODS_ROOT}/Target Support Files/Pods-FinalJob/Pods-FinalJob-frameworks-${CONFIGURATION}-input-files.xcfilelist",
			);
			name = "[CP] Embed Pods Frameworks";
			outputFileListPaths = (
				"${PODS_ROOT}/Target Support Files/Pods-FinalJob/Pods-FinalJob-frameworks-${CONFIGURATION}-output-files.xcfilelist",
			);
			runOnlyForDeploymentPostprocessing = 0;
			shellPath = /bin/sh;
			shellScript = "\"${PODS_ROOT}/Target Support Files/Pods-FinalJob/Pods-FinalJob-frameworks.sh\"\n";
			showEnvVarsInLog = 0;
		};
		E6F2C3ECEEEA6DCF395B55BA /* [CP] Check Pods Manifest.lock */ = {
			isa = PBXShellScriptBuildPhase;
			buildActionMask = 2147483647;
			files = (
			);
			inputFileListPaths = (
			);
			inputPaths = (
				"${PODS_PODFILE_DIR_PATH}/Podfile.lock",
				"${PODS_ROOT}/Manifest.lock",
			);
			name = "[CP] Check Pods Manifest.lock";
			outputFileListPaths = (
			);
			outputPaths = (
				"$(DERIVED_FILE_DIR)/Pods-FinalJob-checkManifestLockResult.txt",
			);
			runOnlyForDeploymentPostprocessing = 0;
			shellPath = /bin/sh;
			shellScript = "diff \"${PODS_PODFILE_DIR_PATH}/Podfile.lock\" \"${PODS_ROOT}/Manifest.lock\" > /dev/null\nif [ $? != 0 ] ; then\n    # print error to STDERR\n    echo \"error: The sandbox is not in sync with the Podfile.lock. Run 'pod install' or update your CocoaPods installation.\" >&2\n    exit 1\nfi\n# This output is used by Xcode 'outputs' to avoid re-running this script phase.\necho \"SUCCESS\" > \"${SCRIPT_OUTPUT_FILE_0}\"\n";
			showEnvVarsInLog = 0;
		};
/* End PBXShellScriptBuildPhase section */

/* Begin PBXSourcesBuildPhase section */
		18E1973423B0EBE60094FEBC /* Sources */ = {
			isa = PBXSourcesBuildPhase;
			buildActionMask = 2147483647;
			files = (
				18E1975323B0EC3A0094FEBC /* newArea.swift in Sources */,
				18E1975523B0EC960094FEBC /* TableViewController.swift in Sources */,
				18E1974023B0EBE60094FEBC /* ViewController.swift in Sources */,
				18E1973C23B0EBE60094FEBC /* AppDelegate.swift in Sources */,
				18E1975923B0ED4E0094FEBC /* newsCell.swift in Sources */,
				18E1975723B0ECA20094FEBC /* TableViewCell.swift in Sources */,
				18E1973E23B0EBE60094FEBC /* SceneDelegate.swift in Sources */,
			);
			runOnlyForDeploymentPostprocessing = 0;
		};
/* End PBXSourcesBuildPhase section */

/* Begin PBXVariantGroup section */
		18E1974123B0EBE60094FEBC /* Main.storyboard */ = {
			isa = PBXVariantGroup;
			children = (
				18E1974223B0EBE60094FEBC /* Base */,
			);
			name = Main.storyboard;
			sourceTree = "<group>";
		};
		18E1974623B0EBE90094FEBC /* LaunchScreen.storyboard */ = {
			isa = PBXVariantGroup;
			children = (
				18E1974723B0EBE90094FEBC /* Base */,
			);
			name = LaunchScreen.storyboard;
			sourceTree = "<group>";
		};
/* End PBXVariantGroup section */

/* Begin XCBuildConfiguration section */
		18E1974A23B0EBE90094FEBC /* Debug */ = {
			isa = XCBuildConfiguration;
			buildSettings = {
				ALWAYS_SEARCH_USER_PATHS = NO;
				CLANG_ANALYZER_NONNULL = YES;
				CLANG_ANALYZER_NUMBER_OBJECT_CONVERSION = YES_AGGRESSIVE;
				CLANG_CXX_LANGUAGE_STANDARD = "gnu++14";
				CLANG_CXX_LIBRARY = "libc++";
				CLANG_ENABLE_MODULES = YES;
				CLANG_ENABLE_OBJC_ARC = YES;
				CLANG_ENABLE_OBJC_WEAK = YES;
				CLANG_WARN_BLOCK_CAPTURE_AUTORELEASING = YES;
				CLANG_WARN_BOOL_CONVERSION = YES;
				CLANG_WARN_COMMA = YES;
				CLANG_WARN_CONSTANT_CONVERSION = YES;
				CLANG_WARN_DEPRECATED_OBJC_IMPLEMENTATIONS = YES;
				CLANG_WARN_DIRECT_OBJC_ISA_USAGE = YES_ERROR;
				CLANG_WARN_DOCUMENTATION_COMMENTS = YES;
				CLANG_WARN_EMPTY_BODY = YES;
				CLANG_WARN_ENUM_CONVERSION = YES;
				CLANG_WARN_INFINITE_RECURSION = YES;
				CLANG_WARN_INT_CONVERSION = YES;
				CLANG_WARN_NON_LITERAL_NULL_CONVERSION = YES;
				CLANG_WARN_OBJC_IMPLICIT_RETAIN_SELF = YES;
				CLANG_WARN_OBJC_LITERAL_CONVERSION = YES;
				CLANG_WARN_OBJC_ROOT_CLASS = YES_ERROR;
				CLANG_WARN_RANGE_LOOP_ANALYSIS = YES;
				CLANG_WARN_STRICT_PROTOTYPES = YES;
				CLANG_WARN_SUSPICIOUS_MOVE = YES;
				CLANG_WARN_UNGUARDED_AVAILABILITY = YES_AGGRESSIVE;
				CLANG_WARN_UNREACHABLE_CODE = YES;
				CLANG_WARN__DUPLICATE_METHOD_MATCH = YES;
				COPY_PHASE_STRIP = NO;
				DEBUG_INFORMATION_FORMAT = dwarf;
				ENABLE_STRICT_OBJC_MSGSEND = YES;
				ENABLE_TESTABILITY = YES;
				GCC_C_LANGUAGE_STANDARD = gnu11;
				GCC_DYNAMIC_NO_PIC = NO;
				GCC_NO_COMMON_BLOCKS = YES;
				GCC_OPTIMIZATION_LEVEL = 0;
				GCC_PREPROCESSOR_DEFINITIONS = (
					"DEBUG=1",
					"$(inherited)",
				);
				GCC_WARN_64_TO_32_BIT_CONVERSION = YES;
				GCC_WARN_ABOUT_RETURN_TYPE = YES_ERROR;
				GCC_WARN_UNDECLARED_SELECTOR = YES;
				GCC_WARN_UNINITIALIZED_AUTOS = YES_AGGRESSIVE;
				GCC_WARN_UNUSED_FUNCTION = YES;
				GCC_WARN_UNUSED_VARIABLE = YES;
				IPHONEOS_DEPLOYMENT_TARGET = 13.1;
				MTL_ENABLE_DEBUG_INFO = INCLUDE_SOURCE;
				MTL_FAST_MATH = YES;
				ONLY_ACTIVE_ARCH = YES;
				SDKROOT = iphoneos;
				SWIFT_ACTIVE_COMPILATION_CONDITIONS = DEBUG;
				SWIFT_OPTIMIZATION_LEVEL = "-Onone";
			};
			name = Debug;
		};
		18E1974B23B0EBE90094FEBC /* Release */ = {
			isa = XCBuildConfiguration;
			buildSettings = {
				ALWAYS_SEARCH_USER_PATHS = NO;
				CLANG_ANALYZER_NONNULL = YES;
				CLANG_ANALYZER_NUMBER_OBJECT_CONVERSION = YES_AGGRESSIVE;
				CLANG_CXX_LANGUAGE_STANDARD = "gnu++14";
				CLANG_CXX_LIBRARY = "libc++";
				CLANG_ENABLE_MODULES = YES;
				CLANG_ENABLE_OBJC_ARC = YES;
				CLANG_ENABLE_OBJC_WEAK = YES;
				CLANG_WARN_BLOCK_CAPTURE_AUTORELEASING = YES;
				CLANG_WARN_BOOL_CONVERSION = YES;
				CLANG_WARN_COMMA = YES;
				CLANG_WARN_CONSTANT_CONVERSION = YES;
				CLANG_WARN_DEPRECATED_OBJC_IMPLEMENTATIONS = YES;
				CLANG_WARN_DIRECT_OBJC_ISA_USAGE = YES_ERROR;
				CLANG_WARN_DOCUMENTATION_COMMENTS = YES;
				CLANG_WARN_EMPTY_BODY = YES;
				CLANG_WARN_ENUM_CONVERSION = YES;
				CLANG_WARN_INFINITE_RECURSION = YES;
				CLANG_WARN_INT_CONVERSION = YES;
				CLANG_WARN_NON_LITERAL_NULL_CONVERSION = YES;
				CLANG_WARN_OBJC_IMPLICIT_RETAIN_SELF = YES;
				CLANG_WARN_OBJC_LITERAL_CONVERSION = YES;
				CLANG_WARN_OBJC_ROOT_CLASS = YES_ERROR;
				CLANG_WARN_RANGE_LOOP_ANALYSIS = YES;
				CLANG_WARN_STRICT_PROTOTYPES = YES;
				CLANG_WARN_SUSPICIOUS_MOVE = YES;
				CLANG_WARN_UNGUARDED_AVAILABILITY = YES_AGGRESSIVE;
				CLANG_WARN_UNREACHABLE_CODE = YES;
				CLANG_WARN__DUPLICATE_METHOD_MATCH = YES;
				COPY_PHASE_STRIP = NO;
				DEBUG_INFORMATION_FORMAT = "dwarf-with-dsym";
				ENABLE_NS_ASSERTIONS = NO;
				ENABLE_STRICT_OBJC_MSGSEND = YES;
				GCC_C_LANGUAGE_STANDARD = gnu11;
				GCC_NO_COMMON_BLOCKS = YES;
				GCC_WARN_64_TO_32_BIT_CONVERSION = YES;
				GCC_WARN_ABOUT_RETURN_TYPE = YES_ERROR;
				GCC_WARN_UNDECLARED_SELECTOR = YES;
				GCC_WARN_UNINITIALIZED_AUTOS = YES_AGGRESSIVE;
				GCC_WARN_UNUSED_FUNCTION = YES;
				GCC_WARN_UNUSED_VARIABLE = YES;
				IPHONEOS_DEPLOYMENT_TARGET = 13.1;
				MTL_ENABLE_DEBUG_INFO = NO;
				MTL_FAST_MATH = YES;
				SDKROOT = iphoneos;
				SWIFT_COMPILATION_MODE = wholemodule;
				SWIFT_OPTIMIZATION_LEVEL = "-O";
				VALIDATE_PRODUCT = YES;
			};
			name = Release;
		};
		18E1974D23B0EBE90094FEBC /* Debug */ = {
			isa = XCBuildConfiguration;
			baseConfigurationReference = 0A54B347036EABDF5BF59667 /* Pods-FinalJob.debug.xcconfig */;
			buildSettings = {
				ASSETCATALOG_COMPILER_APPICON_NAME = AppIcon;
				CODE_SIGN_STYLE = Automatic;
				INFOPLIST_FILE = FinalJob/Info.plist;
				LD_RUNPATH_SEARCH_PATHS = (
					"$(inherited)",
					"@executable_path/Frameworks",
				);
				PRODUCT_BUNDLE_IDENTIFIER = personal.andy.FinalJob;
				PRODUCT_NAME = "$(TARGET_NAME)";
				SWIFT_VERSION = 5.0;
				TARGETED_DEVICE_FAMILY = "1,2";
			};
			name = Debug;
		};
		18E1974E23B0EBE90094FEBC /* Release */ = {
			isa = XCBuildConfiguration;
			baseConfigurationReference = 7054CD10D9BBDA855FE4B845 /* Pods-FinalJob.release.xcconfig */;
			buildSettings = {
				ASSETCATALOG_COMPILER_APPICON_NAME = AppIcon;
				CODE_SIGN_STYLE = Automatic;
				INFOPLIST_FILE = FinalJob/Info.plist;
				LD_RUNPATH_SEARCH_PATHS = (
					"$(inherited)",
					"@executable_path/Frameworks",
				);
				PRODUCT_BUNDLE_IDENTIFIER = personal.andy.FinalJob;
				PRODUCT_NAME = "$(TARGET_NAME)";
				SWIFT_VERSION = 5.0;
				TARGETED_DEVICE_FAMILY = "1,2";
			};
			name = Release;
		};
/* End XCBuildConfiguration section */

/* Begin XCConfigurationList section */
		18E1973323B0EBE60094FEBC /* Build configuration list for PBXProject "FinalJob" */ = {
			isa = XCConfigurationList;
			buildConfigurations = (
				18E1974A23B0EBE90094FEBC /* Debug */,
				18E1974B23B0EBE90094FEBC /* Release */,
			);
			defaultConfigurationIsVisible = 0;
			defaultConfigurationName = Release;
		};
		18E1974C23B0EBE90094FEBC /* Build configuration list for PBXNativeTarget "FinalJob" */ = {
			isa = XCConfigurationList;
			buildConfigurations = (
				18E1974D23B0EBE90094FEBC /* Debug */,
				18E1974E23B0EBE90094FEBC /* Release */,
			);
			defaultConfigurationIsVisible = 0;
			defaultConfigurationName = Release;
		};
/* End XCConfigurationList section */
	};
	rootObject = 18E1973023B0EBE60094FEBC /* Project object */;
}
